
Microsoft Visual Studio Solution File, Format Version 12.00
# Visual Studio Version 17
VisualStudioVersion = 17.14.36518.9
MinimumVisualStudioVersion = 10.0.40219.1
Project("{FAE04EC0-301F-11D3-BF4B-00C04F79EFBC}") = "CerealAPI", "CerealAPI\CerealAPI.csproj", "{C19269F6-3570-49F1-9CB9-6C5C8AA9023C}"
EndProject
Project("{FAE04EC0-301F-11D3-BF4B-00C04F79EFBC}") = "Server Configuration", "Server Configuration\Server Configuration.csproj", "{FF162321-3E14-4C1B-95C9-46A2C6DDC6E3}"
EndProject
Project("{FAE04EC0-301F-11D3-BF4B-00C04F79EFBC}") = "CerealAPI Test", "CerealAPI Test\CerealAPI Test.csproj", "{BD9CCC81-638A-4FD0-A734-70F9868FB8FB}"
EndProject
Global
	GlobalSection(SolutionConfigurationPlatforms) = preSolution
		Debug|Any CPU = Debug|Any CPU
		Release|Any CPU = Release|Any CPU
	EndGlobalSection
	GlobalSection(ProjectConfigurationPlatforms) = postSolution
		{C19269F6-3570-49F1-9CB9-6C5C8AA9023C}.Debug|Any CPU.ActiveCfg = Debug|Any CPU
		{C19269F6-3570-49F1-9CB9-6C5C8AA9023C}.Debug|Any CPU.Build.0 = Debug|Any CPU
		{C19269F6-3570-49F1-9CB9-6C5C8AA9023C}.Release|Any CPU.ActiveCfg = Release|Any CPU
		{C19269F6-3570-49F1-9CB9-6C5C8AA9023C}.Release|Any CPU.Build.0 = Release|Any CPU
		{FF162321-3E14-4C1B-95C9-46A2C6DDC6E3}.Debug|Any CPU.ActiveCfg = Debug|Any CPU
		{FF162321-3E14-4C1B-95C9-46A2C6DDC6E3}.Debug|Any CPU.Build.0 = Debug|Any CPU
		{FF162321-3E14-4C1B-95C9-46A2C6DDC6E3}.Release|Any CPU.ActiveCfg = Release|Any CPU
		{FF162321-3E14-4C1B-95C9-46A2C6DDC6E3}.Release|Any CPU.Build.0 = Release|Any CPU
		{BD9CCC81-638A-4FD0-A734-70F9868FB8FB}.Debug|Any CPU.ActiveCfg = Debug|Any CPU
		{BD9CCC81-638A-4FD0-A734-70F9868FB8FB}.Debug|Any CPU.Build.0 = Debug|Any CPU
		{BD9CCC81-638A-4FD0-A734-70F9868FB8FB}.Release|Any CPU.ActiveCfg = Release|Any CPU
		{BD9CCC81-638A-4FD0-A734-70F9868FB8FB}.Release|Any CPU.Build.0 = Release|Any CPU
	EndGlobalSection
	GlobalSection(SolutionProperties) = preSolution
		HideSolutionNode = FALSE
	EndGlobalSection
	GlobalSection(ExtensibilityGlobals) = postSolution
		SolutionGuid = {840A0D34-0247-4253-BE7F-F0934FD7F53D}
	EndGlobalSection
EndGlobal
